{
  "nodes": {
    "nixpkgs": {
      "locked": {
        "lastModified": 1726238386,
        "narHash": "sha256-3//V84fYaGVncFImitM6lSAliRdrGayZLdxWlpcuGk0=",
        "owner": "NixOS",
        "repo": "nixpkgs",
        "rev": "01f064c99c792715054dc7a70e4c1626dbbec0c3",
        "type": "github"
      },
      "original": {
        "id": "nixpkgs",
        "type": "indirect"
      }
    },
    "nixpkgsGitHubBranch": {
      "locked": {
        "lastModified": 1726062281,
        "narHash": "sha256-PyFVySdGj3enKqm8RQuo4v1KLJLmNLOq2yYOHsI6e2Q=",
        "owner": "NixOS",
        "repo": "nixpkgs",
        "rev": "e65aa8301ba4f0ab8cb98f944c14aa9da07394f8",
        "type": "github"
      },
      "original": {
        "owner": "NixOS",
        "ref": "nixos-24.05",
        "repo": "nixpkgs",
        "type": "github"
      }
    },
    "nixpkgsRegistry": {
      "locked": {
        "lastModified": 1726238386,
        "narHash": "sha256-3//V84fYaGVncFImitM6lSAliRdrGayZLdxWlpcuGk0=",
        "owner": "NixOS",
        "repo": "nixpkgs",
        "rev": "01f064c99c792715054dc7a70e4c1626dbbec0c3",
        "type": "github"
      },
      "original": {
        "id": "nixpkgs",
        "type": "indirect"
      }
    },
    "root": {
      "inputs": {
        "nixpkgs": "nixpkgs",
        "nixpkgsGitHubBranch": "nixpkgsGitHubBranch",
        "nixpkgsRegistry": "nixpkgsRegistry"
      }
    }
  },
  "root": "root",
  "version": 7
}
